
Microsoft Visual Studio Solution File, Format Version 12.00
# Visual Studio 15
VisualStudioVersion = 15.0.26730.15
MinimumVisualStudioVersion = 10.0.40219.1
Project("{FAE04EC0-301F-11D3-BF4B-00C04F79EFBC}") = "CodeFirstEmployee", "CodeFirstEmployee\CodeFirstEmployee.csproj", "{73E0E935-3E36-4938-92F8-5875ABDD1EB8}"
EndProject
Project("{FAE04EC0-301F-11D3-BF4B-00C04F79EFBC}") = "Services", "Services\Services.csproj", "{E7527288-893D-47A3-B697-C0CE90053AA2}"
EndProject
Project("{FAE04EC0-301F-11D3-BF4B-00C04F79EFBC}") = "ShopsApi", "ShopsApi\ShopsApi.csproj", "{F2CE9587-2FBA-4084-9A64-1B679A056FBE}"
EndProject
Global
	GlobalSection(SolutionConfigurationPlatforms) = preSolution
		Debug|Any CPU = Debug|Any CPU
		Release|Any CPU = Release|Any CPU
	EndGlobalSection
	GlobalSection(ProjectConfigurationPlatforms) = postSolution
		{73E0E935-3E36-4938-92F8-5875ABDD1EB8}.Debug|Any CPU.ActiveCfg = Debug|Any CPU
		{73E0E935-3E36-4938-92F8-5875ABDD1EB8}.Debug|Any CPU.Build.0 = Debug|Any CPU
		{73E0E935-3E36-4938-92F8-5875ABDD1EB8}.Release|Any CPU.ActiveCfg = Release|Any CPU
		{73E0E935-3E36-4938-92F8-5875ABDD1EB8}.Release|Any CPU.Build.0 = Release|Any CPU
		{E7527288-893D-47A3-B697-C0CE90053AA2}.Debug|Any CPU.ActiveCfg = Debug|Any CPU
		{E7527288-893D-47A3-B697-C0CE90053AA2}.Debug|Any CPU.Build.0 = Debug|Any CPU
		{E7527288-893D-47A3-B697-C0CE90053AA2}.Release|Any CPU.ActiveCfg = Release|Any CPU
		{E7527288-893D-47A3-B697-C0CE90053AA2}.Release|Any CPU.Build.0 = Release|Any CPU
		{F2CE9587-2FBA-4084-9A64-1B679A056FBE}.Debug|Any CPU.ActiveCfg = Debug|Any CPU
		{F2CE9587-2FBA-4084-9A64-1B679A056FBE}.Debug|Any CPU.Build.0 = Debug|Any CPU
		{F2CE9587-2FBA-4084-9A64-1B679A056FBE}.Release|Any CPU.ActiveCfg = Release|Any CPU
		{F2CE9587-2FBA-4084-9A64-1B679A056FBE}.Release|Any CPU.Build.0 = Release|Any CPU
	EndGlobalSection
	GlobalSection(SolutionProperties) = preSolution
		HideSolutionNode = FALSE
	EndGlobalSection
	GlobalSection(ExtensibilityGlobals) = postSolution
		SolutionGuid = {982D0033-43A1-4133-87A0-57B3D89CC3C9}
	EndGlobalSection
EndGlobal
